// !$*UTF8*$!
{
	archiveVersion = 1;
	classes = {
	};
	objectVersion = 46;
	objects = {

/* Begin PBXBuildFile section */
		C1052AC61E490CB9004BBCDE /* Metal.framework in Frameworks */ = {isa = PBXBuildFile; fileRef = C1052AC51E490CB9004BBCDE /* Metal.framework */; };
		C1052AC81E490CB9004BBCDE /* MetalKit.framework in Frameworks */ = {isa = PBXBuildFile; fileRef = C1052AC71E490CB9004BBCDE /* MetalKit.framework */; };
		C1052ACA1E490CB9004BBCDE /* ModelIO.framework in Frameworks */ = {isa = PBXBuildFile; fileRef = C1052AC91E490CB9004BBCDE /* ModelIO.framework */; };
		C1052ACD1E490CB9004BBCDE /* AppDelegate.swift in Sources */ = {isa = PBXBuildFile; fileRef = C1052ACC1E490CB9004BBCDE /* AppDelegate.swift */; };
		C1052ACF1E490CB9004BBCDE /* GameViewController.swift in Sources */ = {isa = PBXBuildFile; fileRef = C1052ACE1E490CB9004BBCDE /* GameViewController.swift */; };
		C1052AD11E490CB9004BBCDE /* Shaders.metal in Sources */ = {isa = PBXBuildFile; fileRef = C1052AD01E490CB9004BBCDE /* Shaders.metal */; };
		C1052AD41E490CB9004BBCDE /* Main.storyboard in Resources */ = {isa = PBXBuildFile; fileRef = C1052AD21E490CB9004BBCDE /* Main.storyboard */; };
		C1052AD61E490CB9004BBCDE /* Assets.xcassets in Resources */ = {isa = PBXBuildFile; fileRef = C1052AD51E490CB9004BBCDE /* Assets.xcassets */; };
		C1052AD91E490CB9004BBCDE /* LaunchScreen.storyboard in Resources */ = {isa = PBXBuildFile; fileRef = C1052AD71E490CB9004BBCDE /* LaunchScreen.storyboard */; };
		C1052AE11E490CC4004BBCDE /* ConstantBufferPool.swift in Sources */ = {isa = PBXBuildFile; fileRef = C1052AE01E490CC4004BBCDE /* ConstantBufferPool.swift */; };
		C1052AE31E490CCD004BBCDE /* LevelScene.swift in Sources */ = {isa = PBXBuildFile; fileRef = C1052AE21E490CCD004BBCDE /* LevelScene.swift */; };
		C1052AE51E490CD3004BBCDE /* PostEffectChain.swift in Sources */ = {isa = PBXBuildFile; fileRef = C1052AE41E490CD3004BBCDE /* PostEffectChain.swift */; };
		C1052AE71E490D5F004BBCDE /* VectorMath.swift in Sources */ = {isa = PBXBuildFile; fileRef = C1052AE61E490D5F004BBCDE /* VectorMath.swift */; };
		C1052AEA1E490E63004BBCDE /* Mushroom.png in Resources */ = {isa = PBXBuildFile; fileRef = C1052AE91E490E63004BBCDE /* Mushroom.png */; };
/* End PBXBuildFile section */

/* Begin PBXFileReference section */
		C1052AC21E490CB9004BBCDE /* Rifft.app */ = {isa = PBXFileReference; explicitFileType = wrapper.application; includeInIndex = 0; path = Rifft.app; sourceTree = BUILT_PRODUCTS_DIR; };
		C1052AC51E490CB9004BBCDE /* Metal.framework */ = {isa = PBXFileReference; lastKnownFileType = wrapper.framework; name = Metal.framework; path = System/Library/Frameworks/Metal.framework; sourceTree = SDKROOT; };
		C1052AC71E490CB9004BBCDE /* MetalKit.framework */ = {isa = PBXFileReference; lastKnownFileType = wrapper.framework; name = MetalKit.framework; path = System/Library/Frameworks/MetalKit.framework; sourceTree = SDKROOT; };
		C1052AC91E490CB9004BBCDE /* ModelIO.framework */ = {isa = PBXFileReference; lastKnownFileType = wrapper.framework; name = ModelIO.framework; path = System/Library/Frameworks/ModelIO.framework; sourceTree = SDKROOT; };
		C1052ACC1E490CB9004BBCDE /* AppDelegate.swift */ = {isa = PBXFileReference; lastKnownFileType = sourcecode.swift; path = AppDelegate.swift; sourceTree = "<group>"; };
		C1052ACE1E490CB9004BBCDE /* GameViewController.swift */ = {isa = PBXFileReference; lastKnownFileType = sourcecode.swift; path = GameViewController.swift; sourceTree = "<group>"; };
		C1052AD01E490CB9004BBCDE /* Shaders.metal */ = {isa = PBXFileReference; lastKnownFileType = sourcecode.metal; path = Shaders.metal; sourceTree = "<group>"; };
		C1052AD31E490CB9004BBCDE /* Base */ = {isa = PBXFileReference; lastKnownFileType = file.storyboard; name = Base; path = Base.lproj/Main.storyboard; sourceTree = "<group>"; };
		C1052AD51E490CB9004BBCDE /* Assets.xcassets */ = {isa = PBXFileReference; lastKnownFileType = folder.assetcatalog; path = Assets.xcassets; sourceTree = "<group>"; };
		C1052AD81E490CB9004BBCDE /* Base */ = {isa = PBXFileReference; lastKnownFileType = file.storyboard; name = Base; path = Base.lproj/LaunchScreen.storyboard; sourceTree = "<group>"; };
		C1052ADA1E490CB9004BBCDE /* Info.plist */ = {isa = PBXFileReference; lastKnownFileType = text.plist.xml; path = Info.plist; sourceTree = "<group>"; };
		C1052AE01E490CC4004BBCDE /* ConstantBufferPool.swift */ = {isa = PBXFileReference; fileEncoding = 4; lastKnownFileType = sourcecode.swift; path = ConstantBufferPool.swift; sourceTree = "<group>"; };
		C1052AE21E490CCD004BBCDE /* LevelScene.swift */ = {isa = PBXFileReference; fileEncoding = 4; lastKnownFileType = sourcecode.swift; path = LevelScene.swift; sourceTree = "<group>"; };
		C1052AE41E490CD3004BBCDE /* PostEffectChain.swift */ = {isa = PBXFileReference; fileEncoding = 4; lastKnownFileType = sourcecode.swift; path = PostEffectChain.swift; sourceTree = "<group>"; };
		C1052AE61E490D5F004BBCDE /* VectorMath.swift */ = {isa = PBXFileReference; fileEncoding = 4; lastKnownFileType = sourcecode.swift; path = VectorMath.swift; sourceTree = "<group>"; };
		C1052AE91E490E63004BBCDE /* Mushroom.png */ = {isa = PBXFileReference; lastKnownFileType = image.png; path = Mushroom.png; sourceTree = "<group>"; };
/* End PBXFileReference section */

/* Begin PBXFrameworksBuildPhase section */
		C1052ABF1E490CB9004BBCDE /* Frameworks */ = {
			isa = PBXFrameworksBuildPhase;
			buildActionMask = 2147483647;
			files = (
				C1052ACA1E490CB9004BBCDE /* ModelIO.framework in Frameworks */,
				C1052AC61E490CB9004BBCDE /* Metal.framework in Frameworks */,
				C1052AC81E490CB9004BBCDE /* MetalKit.framework in Frameworks */,
			);
			runOnlyForDeploymentPostprocessing = 0;
		};
/* End PBXFrameworksBuildPhase section */

/* Begin PBXGroup section */
		C1052AB91E490CB9004BBCDE = {
			isa = PBXGroup;
			children = (
				C1052AE81E490DEB004BBCDE /* Assets */,
				C1052ACB1E490CB9004BBCDE /* Rifft */,
				C1052AC41E490CB9004BBCDE /* Frameworks */,
				C1052AC31E490CB9004BBCDE /* Products */,
			);
			sourceTree = "<group>";
		};
		C1052AC31E490CB9004BBCDE /* Products */ = {
			isa = PBXGroup;
			children = (
				C1052AC21E490CB9004BBCDE /* Rifft.app */,
			);
			name = Products;
			sourceTree = "<group>";
		};
		C1052AC41E490CB9004BBCDE /* Frameworks */ = {
			isa = PBXGroup;
			children = (
				C1052AC51E490CB9004BBCDE /* Metal.framework */,
				C1052AC71E490CB9004BBCDE /* MetalKit.framework */,
				C1052AC91E490CB9004BBCDE /* ModelIO.framework */,
			);
			name = Frameworks;
			sourceTree = "<group>";
		};
		C1052ACB1E490CB9004BBCDE /* Rifft */ = {
			isa = PBXGroup;
			children = (
				C1052AE01E490CC4004BBCDE /* ConstantBufferPool.swift */,
				C1052ACC1E490CB9004BBCDE /* AppDelegate.swift */,
				C1052AE41E490CD3004BBCDE /* PostEffectChain.swift */,
				C1052AE61E490D5F004BBCDE /* VectorMath.swift */,
				C1052ACE1E490CB9004BBCDE /* GameViewController.swift */,
				C1052AD01E490CB9004BBCDE /* Shaders.metal */,
				C1052AE21E490CCD004BBCDE /* LevelScene.swift */,
				C1052AD21E490CB9004BBCDE /* Main.storyboard */,
				C1052AD51E490CB9004BBCDE /* Assets.xcassets */,
				C1052AD71E490CB9004BBCDE /* LaunchScreen.storyboard */,
				C1052ADA1E490CB9004BBCDE /* Info.plist */,
			);
			path = Rifft;
			sourceTree = "<group>";
		};
		C1052AE81E490DEB004BBCDE /* Assets */ = {
			isa = PBXGroup;
			children = (
				C1052AE91E490E63004BBCDE /* Mushroom.png */,
			);
			name = Assets;
			sourceTree = "<group>";
		};
/* End PBXGroup section */

/* Begin PBXNativeTarget section */
		C1052AC11E490CB9004BBCDE /* Rifft */ = {
			isa = PBXNativeTarget;
			buildConfigurationList = C1052ADD1E490CB9004BBCDE /* Build configuration list for PBXNativeTarget "Rifft" */;
			buildPhases = (
				C1052ABE1E490CB9004BBCDE /* Sources */,
				C1052ABF1E490CB9004BBCDE /* Frameworks */,
				C1052AC01E490CB9004BBCDE /* Resources */,
			);
			buildRules = (
			);
			dependencies = (
			);
			name = Rifft;
			productName = Rifft;
			productReference = C1052AC21E490CB9004BBCDE /* Rifft.app */;
			productType = "com.apple.product-type.application";
		};
/* End PBXNativeTarget section */

/* Begin PBXProject section */
		C1052ABA1E490CB9004BBCDE /* Project object */ = {
			isa = PBXProject;
			attributes = {
				LastSwiftUpdateCheck = 0820;
				LastUpgradeCheck = 0820;
				ORGANIZATIONNAME = "Marius Petcu";
				TargetAttributes = {
					C1052AC11E490CB9004BBCDE = {
						CreatedOnToolsVersion = 8.2;
						DevelopmentTeam = 24K34WY4S4;
						ProvisioningStyle = Automatic;
					};
				};
			};
			buildConfigurationList = C1052ABD1E490CB9004BBCDE /* Build configuration list for PBXProject "Rifft" */;
			compatibilityVersion = "Xcode 3.2";
			developmentRegion = English;
			hasScannedForEncodings = 0;
			knownRegions = (
				en,
				Base,
			);
			mainGroup = C1052AB91E490CB9004BBCDE;
			productRefGroup = C1052AC31E490CB9004BBCDE /* Products */;
			projectDirPath = "";
			projectRoot = "";
			targets = (
				C1052AC11E490CB9004BBCDE /* Rifft */,
			);
		};
/* End PBXProject section */

/* Begin PBXResourcesBuildPhase section */
		C1052AC01E490CB9004BBCDE /* Resources */ = {
			isa = PBXResourcesBuildPhase;
			buildActionMask = 2147483647;
			files = (
				C1052AD91E490CB9004BBCDE /* LaunchScreen.storyboard in Resources */,
				C1052AEA1E490E63004BBCDE /* Mushroom.png in Resources */,
				C1052AD61E490CB9004BBCDE /* Assets.xcassets in Resources */,
				C1052AD41E490CB9004BBCDE /* Main.storyboard in Resources */,
			);
			runOnlyForDeploymentPostprocessing = 0;
		};
/* End PBXResourcesBuildPhase section */

/* Begin PBXSourcesBuildPhase section */
		C1052ABE1E490CB9004BBCDE /* Sources */ = {
			isa = PBXSourcesBuildPhase;
			buildActionMask = 2147483647;
			files = (
				C1052AE71E490D5F004BBCDE /* VectorMath.swift in Sources */,
				C1052AD11E490CB9004BBCDE /* Shaders.metal in Sources */,
				C1052AE11E490CC4004BBCDE /* ConstantBufferPool.swift in Sources */,
				C1052AE51E490CD3004BBCDE /* PostEffectChain.swift in Sources */,
				C1052ACF1E490CB9004BBCDE /* GameViewController.swift in Sources */,
				C1052ACD1E490CB9004BBCDE /* AppDelegate.swift in Sources */,
				C1052AE31E490CCD004BBCDE /* LevelScene.swift in Sources */,
			);
			runOnlyForDeploymentPostprocessing = 0;
		};
/* End PBXSourcesBuildPhase section */

/* Begin PBXVariantGroup section */
		C1052AD21E490CB9004BBCDE /* Main.storyboard */ = {
			isa = PBXVariantGroup;
			children = (
				C1052AD31E490CB9004BBCDE /* Base */,
			);
			name = Main.storyboard;
			sourceTree = "<group>";
		};
		C1052AD71E490CB9004BBCDE /* LaunchScreen.storyboard */ = {
			isa = PBXVariantGroup;
			children = (
				C1052AD81E490CB9004BBCDE /* Base */,
			);
			name = LaunchScreen.storyboard;
			sourceTree = "<group>";
		};
/* End PBXVariantGroup section */

/* Begin XCBuildConfiguration section */
		C1052ADB1E490CB9004BBCDE /* Debug */ = {
			isa = XCBuildConfiguration;
			buildSettings = {
				ALWAYS_SEARCH_USER_PATHS = NO;
				CLANG_ANALYZER_NONNULL = YES;
				CLANG_CXX_LANGUAGE_STANDARD = "gnu++0x";
				CLANG_CXX_LIBRARY = "libc++";
				CLANG_ENABLE_MODULES = YES;
				CLANG_ENABLE_OBJC_ARC = YES;
				CLANG_WARN_BOOL_CONVERSION = YES;
				CLANG_WARN_CONSTANT_CONVERSION = YES;
				CLANG_WARN_DIRECT_OBJC_ISA_USAGE = YES_ERROR;
				CLANG_WARN_DOCUMENTATION_COMMENTS = YES;
				CLANG_WARN_EMPTY_BODY = YES;
				CLANG_WARN_ENUM_CONVERSION = YES;
				CLANG_WARN_INFINITE_RECURSION = YES;
				CLANG_WARN_INT_CONVERSION = YES;
				CLANG_WARN_OBJC_ROOT_CLASS = YES_ERROR;
				CLANG_WARN_SUSPICIOUS_MOVE = YES;
				CLANG_WARN_UNREACHABLE_CODE = YES;
				CLANG_WARN__DUPLICATE_METHOD_MATCH = YES;
				"CODE_SIGN_IDENTITY[sdk=iphoneos*]" = "iPhone Developer";
				COPY_PHASE_STRIP = NO;
				DEBUG_INFORMATION_FORMAT = dwarf;
				ENABLE_STRICT_OBJC_MSGSEND = YES;
				ENABLE_TESTABILITY = YES;
				GCC_C_LANGUAGE_STANDARD = gnu99;
				GCC_DYNAMIC_NO_PIC = NO;
				GCC_NO_COMMON_BLOCKS = YES;
				GCC_OPTIMIZATION_LEVEL = 0;
				GCC_PREPROCESSOR_DEFINITIONS = (
					"DEBUG=1",
					"$(inherited)",
				);
				GCC_WARN_64_TO_32_BIT_CONVERSION = YES;
				GCC_WARN_ABOUT_RETURN_TYPE = YES_ERROR;
				GCC_WARN_UNDECLARED_SELECTOR = YES;
				GCC_WARN_UNINITIALIZED_AUTOS = YES_AGGRESSIVE;
				GCC_WARN_UNUSED_FUNCTION = YES;
				GCC_WARN_UNUSED_VARIABLE = YES;
				IPHONEOS_DEPLOYMENT_TARGET = 10.2;
				MTL_ENABLE_DEBUG_INFO = YES;
				ONLY_ACTIVE_ARCH = YES;
				SDKROOT = iphoneos;
				SWIFT_ACTIVE_COMPILATION_CONDITIONS = DEBUG;
				SWIFT_OPTIMIZATION_LEVEL = "-Onone";
			};
			name = Debug;
		};
		C1052ADC1E490CB9004BBCDE /* Release */ = {
			isa = XCBuildConfiguration;
			buildSettings = {
				ALWAYS_SEARCH_USER_PATHS = NO;
				CLANG_ANALYZER_NONNULL = YES;
				CLANG_CXX_LANGUAGE_STANDARD = "gnu++0x";
				CLANG_CXX_LIBRARY = "libc++";
				CLANG_ENABLE_MODULES = YES;
				CLANG_ENABLE_OBJC_ARC = YES;
				CLANG_WARN_BOOL_CONVERSION = YES;
				CLANG_WARN_CONSTANT_CONVERSION = YES;
				CLANG_WARN_DIRECT_OBJC_ISA_USAGE = YES_ERROR;
				CLANG_WARN_DOCUMENTATION_COMMENTS = YES;
				CLANG_WARN_EMPTY_BODY = YES;
				CLANG_WARN_ENUM_CONVERSION = YES;
				CLANG_WARN_INFINITE_RECURSION = YES;
				CLANG_WARN_INT_CONVERSION = YES;
				CLANG_WARN_OBJC_ROOT_CLASS = YES_ERROR;
				CLANG_WARN_SUSPICIOUS_MOVE = YES;
				CLANG_WARN_UNREACHABLE_CODE = YES;
				CLANG_WARN__DUPLICATE_METHOD_MATCH = YES;
				"CODE_SIGN_IDENTITY[sdk=iphoneos*]" = "iPhone Developer";
				COPY_PHASE_STRIP = NO;
				DEBUG_INFORMATION_FORMAT = "dwarf-with-dsym";
				ENABLE_NS_ASSERTIONS = NO;
				ENABLE_STRICT_OBJC_MSGSEND = YES;
				GCC_C_LANGUAGE_STANDARD = gnu99;
				GCC_NO_COMMON_BLOCKS = YES;
				GCC_WARN_64_TO_32_BIT_CONVERSION = YES;
				GCC_WARN_ABOUT_RETURN_TYPE = YES_ERROR;
				GCC_WARN_UNDECLARED_SELECTOR = YES;
				GCC_WARN_UNINITIALIZED_AUTOS = YES_AGGRESSIVE;
				GCC_WARN_UNUSED_FUNCTION = YES;
				GCC_WARN_UNUSED_VARIABLE = YES;
				IPHONEOS_DEPLOYMENT_TARGET = 10.2;
				MTL_ENABLE_DEBUG_INFO = NO;
				SDKROOT = iphoneos;
				SWIFT_OPTIMIZATION_LEVEL = "-Owholemodule";
				VALIDATE_PRODUCT = YES;
			};
			name = Release;
		};
		C1052ADE1E490CB9004BBCDE /* Debug */ = {
			isa = XCBuildConfiguration;
			buildSettings = {
				ASSETCATALOG_COMPILER_APPICON_NAME = AppIcon;
				DEVELOPMENT_TEAM = 24K34WY4S4;
				INFOPLIST_FILE = Rifft/Info.plist;
				LD_RUNPATH_SEARCH_PATHS = "$(inherited) @executable_path/Frameworks";
				PRODUCT_BUNDLE_IDENTIFIER = me.petcu.Rifft;
				PRODUCT_NAME = "$(TARGET_NAME)";
				SWIFT_VERSION = 3.0;
			};
			name = Debug;
		};
		C1052ADF1E490CB9004BBCDE /* Release */ = {
			isa = XCBuildConfiguration;
			buildSettings = {
				ASSETCATALOG_COMPILER_APPICON_NAME = AppIcon;
				DEVELOPMENT_TEAM = 24K34WY4S4;
				INFOPLIST_FILE = Rifft/Info.plist;
				LD_RUNPATH_SEARCH_PATHS = "$(inherited) @executable_path/Frameworks";
				PRODUCT_BUNDLE_IDENTIFIER = me.petcu.Rifft;
				PRODUCT_NAME = "$(TARGET_NAME)";
				SWIFT_VERSION = 3.0;
			};
			name = Release;
		};
/* End XCBuildConfiguration section */

/* Begin XCConfigurationList section */
		C1052ABD1E490CB9004BBCDE /* Build configuration list for PBXProject "Rifft" */ = {
			isa = XCConfigurationList;
			buildConfigurations = (
				C1052ADB1E490CB9004BBCDE /* Debug */,
				C1052ADC1E490CB9004BBCDE /* Release */,
			);
			defaultConfigurationIsVisible = 0;
			defaultConfigurationName = Release;
		};
		C1052ADD1E490CB9004BBCDE /* Build configuration list for PBXNativeTarget "Rifft" */ = {
			isa = XCConfigurationList;
			buildConfigurations = (
				C1052ADE1E490CB9004BBCDE /* Debug */,
				C1052ADF1E490CB9004BBCDE /* Release */,
			);
			defaultConfigurationIsVisible = 0;
		};
/* End XCConfigurationList section */
	};
	rootObject = C1052ABA1E490CB9004BBCDE /* Project object */;
}
